
Microsoft Visual Studio Solution File, Format Version 12.00
# Visual Studio 14
VisualStudioVersion = 14.0.25420.1
MinimumVisualStudioVersion = 10.0.40219.1
Project("{FAE04EC0-301F-11D3-BF4B-00C04F79EFBC}") = "BrainFuck", "BrainFuck\BrainFuck.csproj", "{B36A22A0-183F-4961-AA6E-39C1C2380C50}"
EndProject
Project("{FAE04EC0-301F-11D3-BF4B-00C04F79EFBC}") = "BrainFuck.Tests", "BrainFuck.Tests\BrainFuck.Tests.csproj", "{A10E9222-3D81-4254-9B9A-49B9FF856FE9}"
EndProject
Global
	GlobalSection(SolutionConfigurationPlatforms) = preSolution
		Debug|Any CPU = Debug|Any CPU
		Release|Any CPU = Release|Any CPU
	EndGlobalSection
	GlobalSection(ProjectConfigurationPlatforms) = postSolution
		{B36A22A0-183F-4961-AA6E-39C1C2380C50}.Debug|Any CPU.ActiveCfg = Debug|Any CPU
		{B36A22A0-183F-4961-AA6E-39C1C2380C50}.Debug|Any CPU.Build.0 = Debug|Any CPU
		{B36A22A0-183F-4961-AA6E-39C1C2380C50}.Release|Any CPU.ActiveCfg = Release|Any CPU
		{B36A22A0-183F-4961-AA6E-39C1C2380C50}.Release|Any CPU.Build.0 = Release|Any CPU
		{A10E9222-3D81-4254-9B9A-49B9FF856FE9}.Debug|Any CPU.ActiveCfg = Debug|Any CPU
		{A10E9222-3D81-4254-9B9A-49B9FF856FE9}.Debug|Any CPU.Build.0 = Debug|Any CPU
		{A10E9222-3D81-4254-9B9A-49B9FF856FE9}.Release|Any CPU.ActiveCfg = Release|Any CPU
		{A10E9222-3D81-4254-9B9A-49B9FF856FE9}.Release|Any CPU.Build.0 = Release|Any CPU
	EndGlobalSection
	GlobalSection(SolutionProperties) = preSolution
		HideSolutionNode = FALSE
	EndGlobalSection
EndGlobal
